# Generated from approved image manifests for linux/amd64. Review before committing.
# Regenerate intentionally with: pnpm infra:lock
services:
  postgres:
    image: postgres:18.4-trixie@sha256:3a82e1f56c8f0f5616a11103ac3d47e632c3938698946a7ad26da0df1334744a
  redis:
    image: redis:8.8.1-trixie@sha256:c88d347edef6249a6d2293f926f1eeb48bd40c57cbcd02c07f52e7f1fd2cb46b
  livekit:
    image: livekit/livekit-server:v1.13.1@sha256:2c6869d2d5ff6c9c0166f47be1c92dad6928bfecfa5e4060a6ece48db8accfa3
  livekit-egress:
    image: livekit/egress:v1.12.0@sha256:30b3389518c851e6c20e964bba9d5ce89d0bd09b8b0fe0d0d36c9546303c8430
  assessment-worker:
    image: lms-assessment-worker:python-3.13.13
  localstack:
    image: localstack/localstack:4.14.0@sha256:75ba7a4bda54a3020019fba23e99c61bbff7dbf23eea12919e5b75b15c6f03f2
  clamav:
    image: clamav/clamav:1.5.3_base@sha256:d25b40d8decf55e13302be8be351544fb0ed317e090feb96d961366b236c1a60
  media-worker:
    image: lms-media-worker:ffmpeg-8.1.2
  otel-collector:
    image: otel/opentelemetry-collector-contrib:0.157.0@sha256:f2f01157055a9b2aab9df7118e1f1c9abf345e99b23bc7a2bc791db374a7d0f6
  prometheus:
    image: prom/prometheus:v3.13.2@sha256:508729e0e2d18e11fd742a5a5ca70e557b940a93948c3c95fd0123a6fd538b69
  jaeger:
    image: jaegertracing/jaeger:2.20.0@sha256:46a886260e04002d8f45e213fc39063fa11a50446048fdaa64786fc0840cb9f8
  loki:
    image: grafana/loki:3.7.4@sha256:87f0a067673756a3cede1bcbf0c74875f7df9b09fddb53e399d0c576f756cfcc
  grafana:
    image: grafana/grafana:13.1.1@sha256:7cb8c64c4d57a57e734073f3cc94620adb24a0acb929bd80ba9f14017e3a975b
