# Generated from Docker Official Images for linux/amd64. Review before committing.
# Regenerate intentionally with: pnpm infra:lock
services:
  postgres:
    image: postgres:18.4-trixie@sha256:3a82e1f56c8f0f5616a11103ac3d47e632c3938698946a7ad26da0df1334744a
  redis:
    image: redis:8.8.1-trixie@sha256:c88d347edef6249a6d2293f926f1eeb48bd40c57cbcd02c07f52e7f1fd2cb46b
